
Microsoft Visual Studio Solution File, Format Version 12.00
# Visual Studio Version 16
VisualStudioVersion = 16.0.31702.278
MinimumVisualStudioVersion = 10.0.40219.1
Project("{FAE04EC0-301F-11D3-BF4B-00C04F79EFBC}") = "MovieNightAPI", "MovieNightAPI\MovieNightAPI.csproj", "{7821C5C4-137E-4C27-AFE7-9212E0E54C38}"
EndProject
Global
	GlobalSection(SolutionConfigurationPlatforms) = preSolution
		Debug|Any CPU = Debug|Any CPU
		Release|Any CPU = Release|Any CPU
	EndGlobalSection
	GlobalSection(ProjectConfigurationPlatforms) = postSolution
		{7821C5C4-137E-4C27-AFE7-9212E0E54C38}.Debug|Any CPU.ActiveCfg = Debug|Any CPU
		{7821C5C4-137E-4C27-AFE7-9212E0E54C38}.Debug|Any CPU.Build.0 = Debug|Any CPU
		{7821C5C4-137E-4C27-AFE7-9212E0E54C38}.Release|Any CPU.ActiveCfg = Release|Any CPU
		{7821C5C4-137E-4C27-AFE7-9212E0E54C38}.Release|Any CPU.Build.0 = Release|Any CPU
	EndGlobalSection
	GlobalSection(SolutionProperties) = preSolution
		HideSolutionNode = FALSE
	EndGlobalSection
	GlobalSection(ExtensibilityGlobals) = postSolution
		SolutionGuid = {C6515C58-4831-4648-95D5-90080B03C414}
	EndGlobalSection
EndGlobal
